        "truffle-hardhat-coverage": "file:tools/truffle-hardhat-coverage",
      "optional": true,
      "optional": true,
      "optional": true,
      "optional": true,
      "optional": true,
      "extraneous": true,
      }
      "optional": true,
      "optional": true,
      "optional": true,
      "optional": true,
      "optional": true,
      "optional": true,
      "optional": true,
      "optional": true,
      "license": "MIT",
      "optional": true
    "node_modules/truffle-hardhat-coverage": {
      "resolved": "tools/truffle-hardhat-coverage",
      "link": true
    },
      "extraneous": true,
      }
    },
    "tools/truffle-hardhat-coverage": {
      "version": "1.0.0",
      "dev": true
