      "optional": true,
      "optional": true,
      "optional": true,
      "optional": true,
      "optional": true,
      "extraneous": true,
      }
      "optional": true,
      "optional": true,
      "optional": true,
      "optional": true,
      "optional": true,
      "optional": true,
      "optional": true,
      "optional": true,
      "license": "MIT",
      "optional": true
      "extraneous": true,
      }
