      "optional": true,
      "optional": true,
      "optional": true,
      "optional": true,
      "optional": true,
      "optional": true,
      "optional": true,
      "optional": true,
      "optional": true,
      "optional": true,
      "optional": true,
      "optional": true,
      "optional": true,
      "license": "MIT",
      "optional": true
